
Microsoft Visual Studio Solution File, Format Version 11.00
# Visual Studio 2010
Project("{FAE04EC0-301F-11D3-BF4B-00C04F79EFBC}") = "Assembly-CSharp", "Assembly-CSharp.csproj", "{D4CE8AE0-2C85-6417-EC07-CE7B398C585A}"
EndProject
Project("{FAE04EC0-301F-11D3-BF4B-00C04F79EFBC}") = "Assembly-CSharp-Editor", "Assembly-CSharp-Editor.csproj", "{BD26D282-7B12-35E6-9F0B-DD6910DBC699}"
EndProject
Global
	GlobalSection(SolutionConfigurationPlatforms) = preSolution
		Debug|Any CPU = Debug|Any CPU
		Release|Any CPU = Release|Any CPU
	EndGlobalSection
	GlobalSection(ProjectConfigurationPlatforms) = postSolution
		{D4CE8AE0-2C85-6417-EC07-CE7B398C585A}.Debug|Any CPU.ActiveCfg = Debug|Any CPU
		{D4CE8AE0-2C85-6417-EC07-CE7B398C585A}.Debug|Any CPU.Build.0 = Debug|Any CPU
		{D4CE8AE0-2C85-6417-EC07-CE7B398C585A}.Release|Any CPU.ActiveCfg = Release|Any CPU
		{D4CE8AE0-2C85-6417-EC07-CE7B398C585A}.Release|Any CPU.Build.0 = Release|Any CPU
		{BD26D282-7B12-35E6-9F0B-DD6910DBC699}.Debug|Any CPU.ActiveCfg = Debug|Any CPU
		{BD26D282-7B12-35E6-9F0B-DD6910DBC699}.Debug|Any CPU.Build.0 = Debug|Any CPU
		{BD26D282-7B12-35E6-9F0B-DD6910DBC699}.Release|Any CPU.ActiveCfg = Release|Any CPU
		{BD26D282-7B12-35E6-9F0B-DD6910DBC699}.Release|Any CPU.Build.0 = Release|Any CPU
	EndGlobalSection
	GlobalSection(SolutionProperties) = preSolution
		HideSolutionNode = FALSE
	EndGlobalSection
	GlobalSection(MonoDevelopProperties) = preSolution
		StartupItem = Assembly-CSharp.csproj
	EndGlobalSection
EndGlobal
